[[package]]
name = "credits.aleo"
location = "local"
path = "/Users/zklim/Aleo/ZLend/program_v0/core/../credits"
checksum = "ec877191a17e6e3ec1e8e158352cb2d1cc97be91802b954c30d341b30fff74b8"
dependencies = []

[[package]]
name = "stable_usd_v0_0_0.aleo"
location = "local"
path = "/Users/zklim/Aleo/ZLend/program_v0/core/../stable_usd"
checksum = "228977b68d036a0f2e3446f406310cb4292c40cca0681d4daaf22f75bb358f3a"
dependencies = []
