[[package]]
name = "credits.aleo"
location = "local"
path = "/Users/zklim/Aleo/ZLend/program_v0/core/../credits"
checksum = "3bff146204eb1755a3b81dda71db8331c451dd737c8cabb9b3d649eacd045ed8"
dependencies = []

[[package]]
name = "stable_usd_v0_0_0.aleo"
location = "local"
path = "/Users/zklim/Aleo/ZLend/program_v0/core/../stable_usd"
checksum = "228977b68d036a0f2e3446f406310cb4292c40cca0681d4daaf22f75bb358f3a"
dependencies = []
